
Microsoft Visual Studio Solution File, Format Version 12.00
# Visual Studio 15
VisualStudioVersion = 15.0.28306.52
MinimumVisualStudioVersion = 10.0.40219.1
Project("{FAE04EC0-301F-11D3-BF4B-00C04F79EFBC}") = "Sample05", "Sample05\Sample05.csproj", "{5B5D9436-A846-4CB4-831C-E26C61611A62}"
EndProject
Global
	GlobalSection(SolutionConfigurationPlatforms) = preSolution
		Debug|Any CPU = Debug|Any CPU
		Release|Any CPU = Release|Any CPU
	EndGlobalSection
	GlobalSection(ProjectConfigurationPlatforms) = postSolution
		{5B5D9436-A846-4CB4-831C-E26C61611A62}.Debug|Any CPU.ActiveCfg = Debug|Any CPU
		{5B5D9436-A846-4CB4-831C-E26C61611A62}.Debug|Any CPU.Build.0 = Debug|Any CPU
		{5B5D9436-A846-4CB4-831C-E26C61611A62}.Release|Any CPU.ActiveCfg = Release|Any CPU
		{5B5D9436-A846-4CB4-831C-E26C61611A62}.Release|Any CPU.Build.0 = Release|Any CPU
	EndGlobalSection
	GlobalSection(SolutionProperties) = preSolution
		HideSolutionNode = FALSE
	EndGlobalSection
	GlobalSection(ExtensibilityGlobals) = postSolution
		SolutionGuid = {35EF3953-9392-418E-BD30-65C44CF7DDDD}
	EndGlobalSection
EndGlobal
